
Microsoft Visual Studio Solution File, Format Version 12.00
# Visual Studio Version 16
VisualStudioVersion = 16.0.30804.86
MinimumVisualStudioVersion = 10.0.40219.1
Project("{9A19103F-16F7-4668-BE54-9A1E7A4F7556}") = "RestWithASPNETUdemy", "RestWithASPNETUdemy\RestWithASPNETUdemy.csproj", "{5D33E01F-3F09-45B7-8D01-F7242291762B}"
EndProject
Project("{E53339B2-1760-4266-BCC7-CA923CBCF16C}") = "docker-compose", "docker-compose.dcproj", "{486DBF46-2363-4EFB-8CE4-4B742A5DF4C9}"
EndProject
Global
	GlobalSection(SolutionConfigurationPlatforms) = preSolution
		Debug|Any CPU = Debug|Any CPU
		Release|Any CPU = Release|Any CPU
	EndGlobalSection
	GlobalSection(ProjectConfigurationPlatforms) = postSolution
		{5D33E01F-3F09-45B7-8D01-F7242291762B}.Debug|Any CPU.ActiveCfg = Debug|Any CPU
		{5D33E01F-3F09-45B7-8D01-F7242291762B}.Debug|Any CPU.Build.0 = Debug|Any CPU
		{5D33E01F-3F09-45B7-8D01-F7242291762B}.Release|Any CPU.ActiveCfg = Release|Any CPU
		{5D33E01F-3F09-45B7-8D01-F7242291762B}.Release|Any CPU.Build.0 = Release|Any CPU
		{486DBF46-2363-4EFB-8CE4-4B742A5DF4C9}.Debug|Any CPU.ActiveCfg = Debug|Any CPU
		{486DBF46-2363-4EFB-8CE4-4B742A5DF4C9}.Debug|Any CPU.Build.0 = Debug|Any CPU
		{486DBF46-2363-4EFB-8CE4-4B742A5DF4C9}.Release|Any CPU.ActiveCfg = Release|Any CPU
		{486DBF46-2363-4EFB-8CE4-4B742A5DF4C9}.Release|Any CPU.Build.0 = Release|Any CPU
	EndGlobalSection
	GlobalSection(SolutionProperties) = preSolution
		HideSolutionNode = FALSE
	EndGlobalSection
	GlobalSection(ExtensibilityGlobals) = postSolution
		SolutionGuid = {37B25B49-2ED1-45AB-9F07-A7649817DD4F}
	EndGlobalSection
EndGlobal
